// !$*UTF8*$!
{
	archiveVersion = 1;
	classes = {
	};
	objectVersion = 55;
	objects = {

/* Begin PBXBuildFile section */
		365A018627D66DE600EFA35B /* AppDelegate.swift in Sources */ = {isa = PBXBuildFile; fileRef = 365A018527D66DE600EFA35B /* AppDelegate.swift */; };
		365A018827D66DE600EFA35B /* SceneDelegate.swift in Sources */ = {isa = PBXBuildFile; fileRef = 365A018727D66DE600EFA35B /* SceneDelegate.swift */; };
		365A018A27D66DE600EFA35B /* HomeViewController.swift in Sources */ = {isa = PBXBuildFile; fileRef = 365A018927D66DE600EFA35B /* HomeViewController.swift */; };
		365A018F27D66DEE00EFA35B /* Assets.xcassets in Resources */ = {isa = PBXBuildFile; fileRef = 365A018E27D66DEE00EFA35B /* Assets.xcassets */; };
		365A019227D66DEE00EFA35B /* LaunchScreen.storyboard in Resources */ = {isa = PBXBuildFile; fileRef = 365A019027D66DEE00EFA35B /* LaunchScreen.storyboard */; };
		365A019F27D672D300EFA35B /* ProfileViewController.swift in Sources */ = {isa = PBXBuildFile; fileRef = 365A019E27D672D300EFA35B /* ProfileViewController.swift */; };
		365A01A127D6732300EFA35B /* TabBarViewController.swift in Sources */ = {isa = PBXBuildFile; fileRef = 365A01A027D6732300EFA35B /* TabBarViewController.swift */; };
		365A01A327D673A900EFA35B /* SignInViewController.swift in Sources */ = {isa = PBXBuildFile; fileRef = 365A01A227D673A900EFA35B /* SignInViewController.swift */; };
		365A01A527D6803700EFA35B /* SignUpViewController.swift in Sources */ = {isa = PBXBuildFile; fileRef = 365A01A427D6803700EFA35B /* SignUpViewController.swift */; };
		365A01A727D6808900EFA35B /* ViewPostViewController.swift in Sources */ = {isa = PBXBuildFile; fileRef = 365A01A627D6808900EFA35B /* ViewPostViewController.swift */; };
		365A01A927D680A100EFA35B /* CreateNewPostViewController.swift in Sources */ = {isa = PBXBuildFile; fileRef = 365A01A827D680A100EFA35B /* CreateNewPostViewController.swift */; };
		365A01AB27D680FF00EFA35B /* IAPManager.swift in Sources */ = {isa = PBXBuildFile; fileRef = 365A01AA27D680FF00EFA35B /* IAPManager.swift */; };
		365A01AD27D6812500EFA35B /* DatabaseManager.swift in Sources */ = {isa = PBXBuildFile; fileRef = 365A01AC27D6812500EFA35B /* DatabaseManager.swift */; };
		365A01AF27D6814900EFA35B /* AuthManaget.swift in Sources */ = {isa = PBXBuildFile; fileRef = 365A01AE27D6814900EFA35B /* AuthManaget.swift */; };
		365A01B127D6816200EFA35B /* StorageManager.swift in Sources */ = {isa = PBXBuildFile; fileRef = 365A01B027D6816200EFA35B /* StorageManager.swift */; };
		365A01B627D7DD7C00EFA35B /* GoogleService-Info.plist in Resources */ = {isa = PBXBuildFile; fileRef = 365A01B527D7DD7B00EFA35B /* GoogleService-Info.plist */; };
		365A01B827D92E4700EFA35B /* User.swift in Sources */ = {isa = PBXBuildFile; fileRef = 365A01B727D92E4700EFA35B /* User.swift */; };
		365A01BA27D92E9300EFA35B /* BlogPost.swift in Sources */ = {isa = PBXBuildFile; fileRef = 365A01B927D92E9300EFA35B /* BlogPost.swift */; };
		365A01BD27D9391300EFA35B /* PayWallViewController.swift in Sources */ = {isa = PBXBuildFile; fileRef = 365A01BC27D9391300EFA35B /* PayWallViewController.swift */; };
		365A01C027DA910D00EFA35B /* PayWallHeaderView.swift in Sources */ = {isa = PBXBuildFile; fileRef = 365A01BF27DA910C00EFA35B /* PayWallHeaderView.swift */; };
		365A01C227DA925D00EFA35B /* Extensions.swift in Sources */ = {isa = PBXBuildFile; fileRef = 365A01C127DA925D00EFA35B /* Extensions.swift */; };
		CF047C596D079631792831F8 /* Pods_Thinker.framework in Frameworks */ = {isa = PBXBuildFile; fileRef = 0A9BA05EDF28DB25F609FF06 /* Pods_Thinker.framework */; };
/* End PBXBuildFile section */

/* Begin PBXFileReference section */
		0A9BA05EDF28DB25F609FF06 /* Pods_Thinker.framework */ = {isa = PBXFileReference; explicitFileType = wrapper.framework; includeInIndex = 0; path = Pods_Thinker.framework; sourceTree = BUILT_PRODUCTS_DIR; };
		365A018227D66DE600EFA35B /* Thinker.app */ = {isa = PBXFileReference; explicitFileType = wrapper.application; includeInIndex = 0; path = Thinker.app; sourceTree = BUILT_PRODUCTS_DIR; };
		365A018527D66DE600EFA35B /* AppDelegate.swift */ = {isa = PBXFileReference; lastKnownFileType = sourcecode.swift; path = AppDelegate.swift; sourceTree = "<group>"; };
		365A018727D66DE600EFA35B /* SceneDelegate.swift */ = {isa = PBXFileReference; lastKnownFileType = sourcecode.swift; path = SceneDelegate.swift; sourceTree = "<group>"; };
		365A018927D66DE600EFA35B /* HomeViewController.swift */ = {isa = PBXFileReference; lastKnownFileType = sourcecode.swift; path = HomeViewController.swift; sourceTree = "<group>"; };
		365A018E27D66DEE00EFA35B /* Assets.xcassets */ = {isa = PBXFileReference; lastKnownFileType = folder.assetcatalog; path = Assets.xcassets; sourceTree = "<group>"; };
		365A019127D66DEE00EFA35B /* Base */ = {isa = PBXFileReference; lastKnownFileType = file.storyboard; name = Base; path = Base.lproj/LaunchScreen.storyboard; sourceTree = "<group>"; };
		365A019327D66DEE00EFA35B /* Info.plist */ = {isa = PBXFileReference; lastKnownFileType = text.plist.xml; path = Info.plist; sourceTree = "<group>"; };
		365A019E27D672D300EFA35B /* ProfileViewController.swift */ = {isa = PBXFileReference; lastKnownFileType = sourcecode.swift; path = ProfileViewController.swift; sourceTree = "<group>"; };
		365A01A027D6732300EFA35B /* TabBarViewController.swift */ = {isa = PBXFileReference; lastKnownFileType = sourcecode.swift; path = TabBarViewController.swift; sourceTree = "<group>"; };
		365A01A227D673A900EFA35B /* SignInViewController.swift */ = {isa = PBXFileReference; lastKnownFileType = sourcecode.swift; path = SignInViewController.swift; sourceTree = "<group>"; };
		365A01A427D6803700EFA35B /* SignUpViewController.swift */ = {isa = PBXFileReference; lastKnownFileType = sourcecode.swift; path = SignUpViewController.swift; sourceTree = "<group>"; };
		365A01A627D6808900EFA35B /* ViewPostViewController.swift */ = {isa = PBXFileReference; lastKnownFileType = sourcecode.swift; path = ViewPostViewController.swift; sourceTree = "<group>"; };
		365A01A827D680A100EFA35B /* CreateNewPostViewController.swift */ = {isa = PBXFileReference; lastKnownFileType = sourcecode.swift; path = CreateNewPostViewController.swift; sourceTree = "<group>"; };
		365A01AA27D680FF00EFA35B /* IAPManager.swift */ = {isa = PBXFileReference; lastKnownFileType = sourcecode.swift; path = IAPManager.swift; sourceTree = "<group>"; };
		365A01AC27D6812500EFA35B /* DatabaseManager.swift */ = {isa = PBXFileReference; lastKnownFileType = sourcecode.swift; path = DatabaseManager.swift; sourceTree = "<group>"; };
		365A01AE27D6814900EFA35B /* AuthManaget.swift */ = {isa = PBXFileReference; lastKnownFileType = sourcecode.swift; path = AuthManaget.swift; sourceTree = "<group>"; };
		365A01B027D6816200EFA35B /* StorageManager.swift */ = {isa = PBXFileReference; lastKnownFileType = sourcecode.swift; path = StorageManager.swift; sourceTree = "<group>"; };
		365A01B527D7DD7B00EFA35B /* GoogleService-Info.plist */ = {isa = PBXFileReference; fileEncoding = 4; lastKnownFileType = text.plist.xml; path = "GoogleService-Info.plist"; sourceTree = "<group>"; };
		365A01B727D92E4700EFA35B /* User.swift */ = {isa = PBXFileReference; lastKnownFileType = sourcecode.swift; path = User.swift; sourceTree = "<group>"; };
		365A01B927D92E9300EFA35B /* BlogPost.swift */ = {isa = PBXFileReference; lastKnownFileType = sourcecode.swift; path = BlogPost.swift; sourceTree = "<group>"; };
		365A01BC27D9391300EFA35B /* PayWallViewController.swift */ = {isa = PBXFileReference; lastKnownFileType = sourcecode.swift; path = PayWallViewController.swift; sourceTree = "<group>"; };
		365A01BE27D93BF700EFA35B /* Configuration.storekit */ = {isa = PBXFileReference; lastKnownFileType = text; path = Configuration.storekit; sourceTree = "<group>"; };
		365A01BF27DA910C00EFA35B /* PayWallHeaderView.swift */ = {isa = PBXFileReference; lastKnownFileType = sourcecode.swift; path = PayWallHeaderView.swift; sourceTree = "<group>"; };
		365A01C127DA925D00EFA35B /* Extensions.swift */ = {isa = PBXFileReference; lastKnownFileType = sourcecode.swift; path = Extensions.swift; sourceTree = "<group>"; };
		6A74B944B11785C66292A1C3 /* Pods-Thinker.debug.xcconfig */ = {isa = PBXFileReference; includeInIndex = 1; lastKnownFileType = text.xcconfig; name = "Pods-Thinker.debug.xcconfig"; path = "Target Support Files/Pods-Thinker/Pods-Thinker.debug.xcconfig"; sourceTree = "<group>"; };
		BCEE68D9B471A3C7C58F5B0C /* Pods-Thinker.release.xcconfig */ = {isa = PBXFileReference; includeInIndex = 1; lastKnownFileType = text.xcconfig; name = "Pods-Thinker.release.xcconfig"; path = "Target Support Files/Pods-Thinker/Pods-Thinker.release.xcconfig"; sourceTree = "<group>"; };
/* End PBXFileReference section */

/* Begin PBXFrameworksBuildPhase section */
		365A017F27D66DE600EFA35B /* Frameworks */ = {
			isa = PBXFrameworksBuildPhase;
			buildActionMask = 2147483647;
			files = (
				CF047C596D079631792831F8 /* Pods_Thinker.framework in Frameworks */,
			);
			runOnlyForDeploymentPostprocessing = 0;
		};
/* End PBXFrameworksBuildPhase section */

/* Begin PBXGroup section */
		365A017927D66DE600EFA35B = {
			isa = PBXGroup;
			children = (
				365A018327D66DE600EFA35B /* Products */,
				365A018427D66DE600EFA35B /* Thinker */,
				F816F62360AE0B695D84AE85 /* Pods */,
				D63D890D98E99A1DF97AECE0 /* Frameworks */,
			);
			sourceTree = "<group>";
		};
		365A018327D66DE600EFA35B /* Products */ = {
			isa = PBXGroup;
			children = (
				365A018227D66DE600EFA35B /* Thinker.app */,
			);
			name = Products;
			sourceTree = "<group>";
		};
		365A018427D66DE600EFA35B /* Thinker */ = {
			isa = PBXGroup;
			children = (
				365A019D27D6713100EFA35B /* SupportedFiles */,
				365A019C27D670F100EFA35B /* Managers */,
				365A019B27D670DB00EFA35B /* Controllers */,
				365A019A27D670CA00EFA35B /* Views */,
				365A019927D670BB00EFA35B /* Models */,
			);
			path = Thinker;
			sourceTree = "<group>";
		};
		365A019927D670BB00EFA35B /* Models */ = {
			isa = PBXGroup;
			children = (
				365A01B727D92E4700EFA35B /* User.swift */,
				365A01B927D92E9300EFA35B /* BlogPost.swift */,
			);
			path = Models;
			sourceTree = "<group>";
		};
		365A019A27D670CA00EFA35B /* Views */ = {
			isa = PBXGroup;
			children = (
				365A019027D66DEE00EFA35B /* LaunchScreen.storyboard */,
				365A01BF27DA910C00EFA35B /* PayWallHeaderView.swift */,
			);
			path = Views;
			sourceTree = "<group>";
		};
		365A019B27D670DB00EFA35B /* Controllers */ = {
			isa = PBXGroup;
			children = (
				365A01BB27D938EF00EFA35B /* Other */,
				365A01B227D6878B00EFA35B /* CoreTabs */,
				365A01B327D687A700EFA35B /* Auth */,
				365A01B427D687BC00EFA35B /* Posts */,
			);
			path = Controllers;
			sourceTree = "<group>";
		};
		365A019C27D670F100EFA35B /* Managers */ = {
			isa = PBXGroup;
			children = (
				365A01AA27D680FF00EFA35B /* IAPManager.swift */,
				365A01AC27D6812500EFA35B /* DatabaseManager.swift */,
				365A01AE27D6814900EFA35B /* AuthManaget.swift */,
				365A01B027D6816200EFA35B /* StorageManager.swift */,
			);
			path = Managers;
			sourceTree = "<group>";
		};
		365A019D27D6713100EFA35B /* SupportedFiles */ = {
			isa = PBXGroup;
			children = (
				365A018527D66DE600EFA35B /* AppDelegate.swift */,
				365A018727D66DE600EFA35B /* SceneDelegate.swift */,
				365A018E27D66DEE00EFA35B /* Assets.xcassets */,
				365A01B527D7DD7B00EFA35B /* GoogleService-Info.plist */,
				365A019327D66DEE00EFA35B /* Info.plist */,
				365A01BE27D93BF700EFA35B /* Configuration.storekit */,
				365A01C127DA925D00EFA35B /* Extensions.swift */,
			);
			path = SupportedFiles;
			sourceTree = "<group>";
		};
		365A01B227D6878B00EFA35B /* CoreTabs */ = {
			isa = PBXGroup;
			children = (
				365A018927D66DE600EFA35B /* HomeViewController.swift */,
				365A019E27D672D300EFA35B /* ProfileViewController.swift */,
				365A01A027D6732300EFA35B /* TabBarViewController.swift */,
			);
			path = CoreTabs;
			sourceTree = "<group>";
		};
		365A01B327D687A700EFA35B /* Auth */ = {
			isa = PBXGroup;
			children = (
				365A01A227D673A900EFA35B /* SignInViewController.swift */,
				365A01A427D6803700EFA35B /* SignUpViewController.swift */,
			);
			path = Auth;
			sourceTree = "<group>";
		};
		365A01B427D687BC00EFA35B /* Posts */ = {
			isa = PBXGroup;
			children = (
				365A01A627D6808900EFA35B /* ViewPostViewController.swift */,
				365A01A827D680A100EFA35B /* CreateNewPostViewController.swift */,
			);
			path = Posts;
			sourceTree = "<group>";
		};
		365A01BB27D938EF00EFA35B /* Other */ = {
			isa = PBXGroup;
			children = (
				365A01BC27D9391300EFA35B /* PayWallViewController.swift */,
			);
			path = Other;
			sourceTree = "<group>";
		};
		D63D890D98E99A1DF97AECE0 /* Frameworks */ = {
			isa = PBXGroup;
			children = (
				0A9BA05EDF28DB25F609FF06 /* Pods_Thinker.framework */,
			);
			name = Frameworks;
			sourceTree = "<group>";
		};
		F816F62360AE0B695D84AE85 /* Pods */ = {
			isa = PBXGroup;
			children = (
				6A74B944B11785C66292A1C3 /* Pods-Thinker.debug.xcconfig */,
				BCEE68D9B471A3C7C58F5B0C /* Pods-Thinker.release.xcconfig */,
			);
			path = Pods;
			sourceTree = "<group>";
		};
/* End PBXGroup section */

/* Begin PBXNativeTarget section */
		365A018127D66DE600EFA35B /* Thinker */ = {
			isa = PBXNativeTarget;
			buildConfigurationList = 365A019627D66DEE00EFA35B /* Build configuration list for PBXNativeTarget "Thinker" */;
			buildPhases = (
				009CC551E8F2BF2793E77BA9 /* [CP] Check Pods Manifest.lock */,
				365A017E27D66DE600EFA35B /* Sources */,
				365A017F27D66DE600EFA35B /* Frameworks */,
				365A018027D66DE600EFA35B /* Resources */,
				8851682F0BAC1BED33F3B6BD /* [CP] Embed Pods Frameworks */,
			);
			buildRules = (
			);
			dependencies = (
			);
			name = Thinker;
			productName = Thinker;
			productReference = 365A018227D66DE600EFA35B /* Thinker.app */;
			productType = "com.apple.product-type.application";
		};
/* End PBXNativeTarget section */

/* Begin PBXProject section */
		365A017A27D66DE600EFA35B /* Project object */ = {
			isa = PBXProject;
			attributes = {
				BuildIndependentTargetsInParallel = 1;
				LastSwiftUpdateCheck = 1320;
				LastUpgradeCheck = 1320;
				TargetAttributes = {
					365A018127D66DE600EFA35B = {
						CreatedOnToolsVersion = 13.2.1;
					};
				};
			};
			buildConfigurationList = 365A017D27D66DE600EFA35B /* Build configuration list for PBXProject "Thinker" */;
			compatibilityVersion = "Xcode 13.0";
			developmentRegion = en;
			hasScannedForEncodings = 0;
			knownRegions = (
				en,
				Base,
			);
			mainGroup = 365A017927D66DE600EFA35B;
			productRefGroup = 365A018327D66DE600EFA35B /* Products */;
			projectDirPath = "";
			projectRoot = "";
			targets = (
				365A018127D66DE600EFA35B /* Thinker */,
			);
		};
/* End PBXProject section */

/* Begin PBXResourcesBuildPhase section */
		365A018027D66DE600EFA35B /* Resources */ = {
			isa = PBXResourcesBuildPhase;
			buildActionMask = 2147483647;
			files = (
				365A019227D66DEE00EFA35B /* LaunchScreen.storyboard in Resources */,
				365A018F27D66DEE00EFA35B /* Assets.xcassets in Resources */,
				365A01B627D7DD7C00EFA35B /* GoogleService-Info.plist in Resources */,
			);
			runOnlyForDeploymentPostprocessing = 0;
		};
/* End PBXResourcesBuildPhase section */

/* Begin PBXShellScriptBuildPhase section */
		009CC551E8F2BF2793E77BA9 /* [CP] Check Pods Manifest.lock */ = {
			isa = PBXShellScriptBuildPhase;
			buildActionMask = 2147483647;
			files = (
			);
			inputFileListPaths = (
			);
			inputPaths = (
				"${PODS_PODFILE_DIR_PATH}/Podfile.lock",
				"${PODS_ROOT}/Manifest.lock",
			);
			name = "[CP] Check Pods Manifest.lock";
			outputFileListPaths = (
			);
			outputPaths = (
				"$(DERIVED_FILE_DIR)/Pods-Thinker-checkManifestLockResult.txt",
			);
			runOnlyForDeploymentPostprocessing = 0;
			shellPath = /bin/sh;
			shellScript = "diff \"${PODS_PODFILE_DIR_PATH}/Podfile.lock\" \"${PODS_ROOT}/Manifest.lock\" > /dev/null\nif [ $? != 0 ] ; then\n    # print error to STDERR\n    echo \"error: The sandbox is not in sync with the Podfile.lock. Run 'pod install' or update your CocoaPods installation.\" >&2\n    exit 1\nfi\n# This output is used by Xcode 'outputs' to avoid re-running this script phase.\necho \"SUCCESS\" > \"${SCRIPT_OUTPUT_FILE_0}\"\n";
			showEnvVarsInLog = 0;
		};
		8851682F0BAC1BED33F3B6BD /* [CP] Embed Pods Frameworks */ = {
			isa = PBXShellScriptBuildPhase;
			buildActionMask = 2147483647;
			files = (
			);
			inputFileListPaths = (
				"${PODS_ROOT}/Target Support Files/Pods-Thinker/Pods-Thinker-frameworks-${CONFIGURATION}-input-files.xcfilelist",
			);
			name = "[CP] Embed Pods Frameworks";
			outputFileListPaths = (
				"${PODS_ROOT}/Target Support Files/Pods-Thinker/Pods-Thinker-frameworks-${CONFIGURATION}-output-files.xcfilelist",
			);
			runOnlyForDeploymentPostprocessing = 0;
			shellPath = /bin/sh;
			shellScript = "\"${PODS_ROOT}/Target Support Files/Pods-Thinker/Pods-Thinker-frameworks.sh\"\n";
			showEnvVarsInLog = 0;
		};
/* End PBXShellScriptBuildPhase section */

/* Begin PBXSourcesBuildPhase section */
		365A017E27D66DE600EFA35B /* Sources */ = {
			isa = PBXSourcesBuildPhase;
			buildActionMask = 2147483647;
			files = (
				365A01BA27D92E9300EFA35B /* BlogPost.swift in Sources */,
				365A01C227DA925D00EFA35B /* Extensions.swift in Sources */,
				365A018A27D66DE600EFA35B /* HomeViewController.swift in Sources */,
				365A01AD27D6812500EFA35B /* DatabaseManager.swift in Sources */,
				365A01A527D6803700EFA35B /* SignUpViewController.swift in Sources */,
				365A018627D66DE600EFA35B /* AppDelegate.swift in Sources */,
				365A01C027DA910D00EFA35B /* PayWallHeaderView.swift in Sources */,
				365A01A327D673A900EFA35B /* SignInViewController.swift in Sources */,
				365A019F27D672D300EFA35B /* ProfileViewController.swift in Sources */,
				365A01B827D92E4700EFA35B /* User.swift in Sources */,
				365A01A927D680A100EFA35B /* CreateNewPostViewController.swift in Sources */,
				365A01AF27D6814900EFA35B /* AuthManaget.swift in Sources */,
				365A01AB27D680FF00EFA35B /* IAPManager.swift in Sources */,
				365A01A127D6732300EFA35B /* TabBarViewController.swift in Sources */,
				365A018827D66DE600EFA35B /* SceneDelegate.swift in Sources */,
				365A01A727D6808900EFA35B /* ViewPostViewController.swift in Sources */,
				365A01B127D6816200EFA35B /* StorageManager.swift in Sources */,
				365A01BD27D9391300EFA35B /* PayWallViewController.swift in Sources */,
			);
			runOnlyForDeploymentPostprocessing = 0;
		};
/* End PBXSourcesBuildPhase section */

/* Begin PBXVariantGroup section */
		365A019027D66DEE00EFA35B /* LaunchScreen.storyboard */ = {
			isa = PBXVariantGroup;
			children = (
				365A019127D66DEE00EFA35B /* Base */,
			);
			name = LaunchScreen.storyboard;
			sourceTree = "<group>";
		};
/* End PBXVariantGroup section */

/* Begin XCBuildConfiguration section */
		365A019427D66DEE00EFA35B /* Debug */ = {
			isa = XCBuildConfiguration;
			buildSettings = {
				ALWAYS_SEARCH_USER_PATHS = NO;
				CLANG_ANALYZER_NONNULL = YES;
				CLANG_ANALYZER_NUMBER_OBJECT_CONVERSION = YES_AGGRESSIVE;
				CLANG_CXX_LANGUAGE_STANDARD = "gnu++17";
				CLANG_CXX_LIBRARY = "libc++";
				CLANG_ENABLE_MODULES = YES;
				CLANG_ENABLE_OBJC_ARC = YES;
				CLANG_ENABLE_OBJC_WEAK = YES;
				CLANG_WARN_BLOCK_CAPTURE_AUTORELEASING = YES;
				CLANG_WARN_BOOL_CONVERSION = YES;
				CLANG_WARN_COMMA = YES;
				CLANG_WARN_CONSTANT_CONVERSION = YES;
				CLANG_WARN_DEPRECATED_OBJC_IMPLEMENTATIONS = YES;
				CLANG_WARN_DIRECT_OBJC_ISA_USAGE = YES_ERROR;
				CLANG_WARN_DOCUMENTATION_COMMENTS = YES;
				CLANG_WARN_EMPTY_BODY = YES;
				CLANG_WARN_ENUM_CONVERSION = YES;
				CLANG_WARN_INFINITE_RECURSION = YES;
				CLANG_WARN_INT_CONVERSION = YES;
				CLANG_WARN_NON_LITERAL_NULL_CONVERSION = YES;
				CLANG_WARN_OBJC_IMPLICIT_RETAIN_SELF = YES;
				CLANG_WARN_OBJC_LITERAL_CONVERSION = YES;
				CLANG_WARN_OBJC_ROOT_CLASS = YES_ERROR;
				CLANG_WARN_QUOTED_INCLUDE_IN_FRAMEWORK_HEADER = YES;
				CLANG_WARN_RANGE_LOOP_ANALYSIS = YES;
				CLANG_WARN_STRICT_PROTOTYPES = YES;
				CLANG_WARN_SUSPICIOUS_MOVE = YES;
				CLANG_WARN_UNGUARDED_AVAILABILITY = YES_AGGRESSIVE;
				CLANG_WARN_UNREACHABLE_CODE = YES;
				CLANG_WARN__DUPLICATE_METHOD_MATCH = YES;
				COPY_PHASE_STRIP = NO;
				DEBUG_INFORMATION_FORMAT = dwarf;
				ENABLE_STRICT_OBJC_MSGSEND = YES;
				ENABLE_TESTABILITY = YES;
				GCC_C_LANGUAGE_STANDARD = gnu11;
				GCC_DYNAMIC_NO_PIC = NO;
				GCC_NO_COMMON_BLOCKS = YES;
				GCC_OPTIMIZATION_LEVEL = 0;
				GCC_PREPROCESSOR_DEFINITIONS = (
					"DEBUG=1",
					"$(inherited)",
				);
				GCC_WARN_64_TO_32_BIT_CONVERSION = YES;
				GCC_WARN_ABOUT_RETURN_TYPE = YES_ERROR;
				GCC_WARN_UNDECLARED_SELECTOR = YES;
				GCC_WARN_UNINITIALIZED_AUTOS = YES_AGGRESSIVE;
				GCC_WARN_UNUSED_FUNCTION = YES;
				GCC_WARN_UNUSED_VARIABLE = YES;
				IPHONEOS_DEPLOYMENT_TARGET = 15.2;
				MTL_ENABLE_DEBUG_INFO = INCLUDE_SOURCE;
				MTL_FAST_MATH = YES;
				ONLY_ACTIVE_ARCH = YES;
				SDKROOT = iphoneos;
				SWIFT_ACTIVE_COMPILATION_CONDITIONS = DEBUG;
				SWIFT_OPTIMIZATION_LEVEL = "-Onone";
			};
			name = Debug;
		};
		365A019527D66DEE00EFA35B /* Release */ = {
			isa = XCBuildConfiguration;
			buildSettings = {
				ALWAYS_SEARCH_USER_PATHS = NO;
				CLANG_ANALYZER_NONNULL = YES;
				CLANG_ANALYZER_NUMBER_OBJECT_CONVERSION = YES_AGGRESSIVE;
				CLANG_CXX_LANGUAGE_STANDARD = "gnu++17";
				CLANG_CXX_LIBRARY = "libc++";
				CLANG_ENABLE_MODULES = YES;
				CLANG_ENABLE_OBJC_ARC = YES;
				CLANG_ENABLE_OBJC_WEAK = YES;
				CLANG_WARN_BLOCK_CAPTURE_AUTORELEASING = YES;
				CLANG_WARN_BOOL_CONVERSION = YES;
				CLANG_WARN_COMMA = YES;
				CLANG_WARN_CONSTANT_CONVERSION = YES;
				CLANG_WARN_DEPRECATED_OBJC_IMPLEMENTATIONS = YES;
				CLANG_WARN_DIRECT_OBJC_ISA_USAGE = YES_ERROR;
				CLANG_WARN_DOCUMENTATION_COMMENTS = YES;
				CLANG_WARN_EMPTY_BODY = YES;
				CLANG_WARN_ENUM_CONVERSION = YES;
				CLANG_WARN_INFINITE_RECURSION = YES;
				CLANG_WARN_INT_CONVERSION = YES;
				CLANG_WARN_NON_LITERAL_NULL_CONVERSION = YES;
				CLANG_WARN_OBJC_IMPLICIT_RETAIN_SELF = YES;
				CLANG_WARN_OBJC_LITERAL_CONVERSION = YES;
				CLANG_WARN_OBJC_ROOT_CLASS = YES_ERROR;
				CLANG_WARN_QUOTED_INCLUDE_IN_FRAMEWORK_HEADER = YES;
				CLANG_WARN_RANGE_LOOP_ANALYSIS = YES;
				CLANG_WARN_STRICT_PROTOTYPES = YES;
				CLANG_WARN_SUSPICIOUS_MOVE = YES;
				CLANG_WARN_UNGUARDED_AVAILABILITY = YES_AGGRESSIVE;
				CLANG_WARN_UNREACHABLE_CODE = YES;
				CLANG_WARN__DUPLICATE_METHOD_MATCH = YES;
				COPY_PHASE_STRIP = NO;
				DEBUG_INFORMATION_FORMAT = "dwarf-with-dsym";
				ENABLE_NS_ASSERTIONS = NO;
				ENABLE_STRICT_OBJC_MSGSEND = YES;
				GCC_C_LANGUAGE_STANDARD = gnu11;
				GCC_NO_COMMON_BLOCKS = YES;
				GCC_WARN_64_TO_32_BIT_CONVERSION = YES;
				GCC_WARN_ABOUT_RETURN_TYPE = YES_ERROR;
				GCC_WARN_UNDECLARED_SELECTOR = YES;
				GCC_WARN_UNINITIALIZED_AUTOS = YES_AGGRESSIVE;
				GCC_WARN_UNUSED_FUNCTION = YES;
				GCC_WARN_UNUSED_VARIABLE = YES;
				IPHONEOS_DEPLOYMENT_TARGET = 15.2;
				MTL_ENABLE_DEBUG_INFO = NO;
				MTL_FAST_MATH = YES;
				SDKROOT = iphoneos;
				SWIFT_COMPILATION_MODE = wholemodule;
				SWIFT_OPTIMIZATION_LEVEL = "-O";
				VALIDATE_PRODUCT = YES;
			};
			name = Release;
		};
		365A019727D66DEE00EFA35B /* Debug */ = {
			isa = XCBuildConfiguration;
			baseConfigurationReference = 6A74B944B11785C66292A1C3 /* Pods-Thinker.debug.xcconfig */;
			buildSettings = {
				ASSETCATALOG_COMPILER_APPICON_NAME = AppIcon;
				ASSETCATALOG_COMPILER_GLOBAL_ACCENT_COLOR_NAME = AccentColor;
				CODE_SIGN_STYLE = Automatic;
				CURRENT_PROJECT_VERSION = 1;
				DEVELOPMENT_TEAM = CJ7JF497NG;
				GENERATE_INFOPLIST_FILE = YES;
				INFOPLIST_FILE = Thinker/SupportedFiles/Info.plist;
				INFOPLIST_KEY_UIApplicationSupportsIndirectInputEvents = YES;
				INFOPLIST_KEY_UILaunchStoryboardName = LaunchScreen;
				INFOPLIST_KEY_UISupportedInterfaceOrientations = UIInterfaceOrientationPortrait;
				INFOPLIST_KEY_UISupportedInterfaceOrientations_iPad = "UIInterfaceOrientationPortrait UIInterfaceOrientationPortraitUpsideDown UIInterfaceOrientationLandscapeLeft UIInterfaceOrientationLandscapeRight";
				INFOPLIST_KEY_UISupportedInterfaceOrientations_iPhone = "UIInterfaceOrientationPortrait UIInterfaceOrientationLandscapeLeft UIInterfaceOrientationLandscapeRight";
				IPHONEOS_DEPLOYMENT_TARGET = 13.6;
				LD_RUNPATH_SEARCH_PATHS = (
					"$(inherited)",
					"@executable_path/Frameworks",
				);
				MARKETING_VERSION = 1.0;
				PRODUCT_BUNDLE_IDENTIFIER = com.example.Thinker;
				PRODUCT_NAME = "$(TARGET_NAME)";
				SWIFT_EMIT_LOC_STRINGS = YES;
				SWIFT_VERSION = 5.0;
				TARGETED_DEVICE_FAMILY = 1;
			};
			name = Debug;
		};
		365A019827D66DEE00EFA35B /* Release */ = {
			isa = XCBuildConfiguration;
			baseConfigurationReference = BCEE68D9B471A3C7C58F5B0C /* Pods-Thinker.release.xcconfig */;
			buildSettings = {
				ASSETCATALOG_COMPILER_APPICON_NAME = AppIcon;
				ASSETCATALOG_COMPILER_GLOBAL_ACCENT_COLOR_NAME = AccentColor;
				CODE_SIGN_STYLE = Automatic;
				CURRENT_PROJECT_VERSION = 1;
				DEVELOPMENT_TEAM = CJ7JF497NG;
				GENERATE_INFOPLIST_FILE = YES;
				INFOPLIST_FILE = Thinker/SupportedFiles/Info.plist;
				INFOPLIST_KEY_UIApplicationSupportsIndirectInputEvents = YES;
				INFOPLIST_KEY_UILaunchStoryboardName = LaunchScreen;
				INFOPLIST_KEY_UISupportedInterfaceOrientations = UIInterfaceOrientationPortrait;
				INFOPLIST_KEY_UISupportedInterfaceOrientations_iPad = "UIInterfaceOrientationPortrait UIInterfaceOrientationPortraitUpsideDown UIInterfaceOrientationLandscapeLeft UIInterfaceOrientationLandscapeRight";
				INFOPLIST_KEY_UISupportedInterfaceOrientations_iPhone = "UIInterfaceOrientationPortrait UIInterfaceOrientationLandscapeLeft UIInterfaceOrientationLandscapeRight";
				IPHONEOS_DEPLOYMENT_TARGET = 13.6;
				LD_RUNPATH_SEARCH_PATHS = (
					"$(inherited)",
					"@executable_path/Frameworks",
				);
				MARKETING_VERSION = 1.0;
				PRODUCT_BUNDLE_IDENTIFIER = com.example.Thinker;
				PRODUCT_NAME = "$(TARGET_NAME)";
				SWIFT_EMIT_LOC_STRINGS = YES;
				SWIFT_VERSION = 5.0;
				TARGETED_DEVICE_FAMILY = 1;
			};
			name = Release;
		};
/* End XCBuildConfiguration section */

/* Begin XCConfigurationList section */
		365A017D27D66DE600EFA35B /* Build configuration list for PBXProject "Thinker" */ = {
			isa = XCConfigurationList;
			buildConfigurations = (
				365A019427D66DEE00EFA35B /* Debug */,
				365A019527D66DEE00EFA35B /* Release */,
			);
			defaultConfigurationIsVisible = 0;
			defaultConfigurationName = Release;
		};
		365A019627D66DEE00EFA35B /* Build configuration list for PBXNativeTarget "Thinker" */ = {
			isa = XCConfigurationList;
			buildConfigurations = (
				365A019727D66DEE00EFA35B /* Debug */,
				365A019827D66DEE00EFA35B /* Release */,
			);
			defaultConfigurationIsVisible = 0;
			defaultConfigurationName = Release;
		};
/* End XCConfigurationList section */
	};
	rootObject = 365A017A27D66DE600EFA35B /* Project object */;
}
